
Microsoft Visual Studio Solution File, Format Version 12.00
# Visual Studio 15
VisualStudioVersion = 15.0.27130.2036
MinimumVisualStudioVersion = 10.0.40219.1
Project("{FAE04EC0-301F-11D3-BF4B-00C04F79EFBC}") = "PaipaiGG", "PaipaiGG\PaipaiGG.csproj", "{AE000B8B-B1C8-4413-BB89-E0B6DBFA7E7F}"
EndProject
Global
	GlobalSection(SolutionConfigurationPlatforms) = preSolution
		Debug|Any CPU = Debug|Any CPU
		Release|Any CPU = Release|Any CPU
	EndGlobalSection
	GlobalSection(ProjectConfigurationPlatforms) = postSolution
		{AE000B8B-B1C8-4413-BB89-E0B6DBFA7E7F}.Debug|Any CPU.ActiveCfg = Debug|Any CPU
		{AE000B8B-B1C8-4413-BB89-E0B6DBFA7E7F}.Debug|Any CPU.Build.0 = Debug|Any CPU
		{AE000B8B-B1C8-4413-BB89-E0B6DBFA7E7F}.Release|Any CPU.ActiveCfg = Release|Any CPU
		{AE000B8B-B1C8-4413-BB89-E0B6DBFA7E7F}.Release|Any CPU.Build.0 = Release|Any CPU
	EndGlobalSection
	GlobalSection(SolutionProperties) = preSolution
		HideSolutionNode = FALSE
	EndGlobalSection
	GlobalSection(ExtensibilityGlobals) = postSolution
		SolutionGuid = {8B85DE46-0D58-44B0-9C94-1FBCF0B5A4CD}
	EndGlobalSection
EndGlobal
